
Microsoft Visual Studio Solution File, Format Version 12.00
# Visual Studio 2013
VisualStudioVersion = 12.0.30501.0
MinimumVisualStudioVersion = 10.0.40219.1
Project("{FAE04EC0-301F-11D3-BF4B-00C04F79EFBC}") = "DominionGUI", "DominionGUI\DominionGUI.csproj", "{698E31CD-E8FD-463D-85DE-EF6AE65C8E38}"
EndProject
Project("{FAE04EC0-301F-11D3-BF4B-00C04F79EFBC}") = "DominionCards", "DominionCards\DominionCards.csproj", "{FD137FCD-2CF8-4295-B235-F0519E9D61D6}"
EndProject
Global
	GlobalSection(SolutionConfigurationPlatforms) = preSolution
		Debug|Any CPU = Debug|Any CPU
		Release|Any CPU = Release|Any CPU
	EndGlobalSection
	GlobalSection(ProjectConfigurationPlatforms) = postSolution
		{698E31CD-E8FD-463D-85DE-EF6AE65C8E38}.Debug|Any CPU.ActiveCfg = Debug|Any CPU
		{698E31CD-E8FD-463D-85DE-EF6AE65C8E38}.Debug|Any CPU.Build.0 = Debug|Any CPU
		{698E31CD-E8FD-463D-85DE-EF6AE65C8E38}.Release|Any CPU.ActiveCfg = Release|Any CPU
		{698E31CD-E8FD-463D-85DE-EF6AE65C8E38}.Release|Any CPU.Build.0 = Release|Any CPU
		{FD137FCD-2CF8-4295-B235-F0519E9D61D6}.Debug|Any CPU.ActiveCfg = Debug|Any CPU
		{FD137FCD-2CF8-4295-B235-F0519E9D61D6}.Debug|Any CPU.Build.0 = Debug|Any CPU
		{FD137FCD-2CF8-4295-B235-F0519E9D61D6}.Release|Any CPU.ActiveCfg = Release|Any CPU
		{FD137FCD-2CF8-4295-B235-F0519E9D61D6}.Release|Any CPU.Build.0 = Release|Any CPU
	EndGlobalSection
	GlobalSection(SolutionProperties) = preSolution
		HideSolutionNode = FALSE
	EndGlobalSection
EndGlobal
